
Microsoft Visual Studio Solution File, Format Version 12.00
# Visual Studio Version 16
VisualStudioVersion = 16.0.30611.23
MinimumVisualStudioVersion = 10.0.40219.1
Project("{D2ABAB84-BF74-430A-B69E-9DC6D40DDA17}") = "OLAP_DATH", "OLAP_DATH.dwproj", "{729CCCFA-64F5-4312-8A2E-92139F5B4B3E}"
EndProject
Global
	GlobalSection(SolutionConfigurationPlatforms) = preSolution
		Development|Default = Development|Default
	EndGlobalSection
	GlobalSection(ProjectConfigurationPlatforms) = postSolution
		{729CCCFA-64F5-4312-8A2E-92139F5B4B3E}.Development|Default.ActiveCfg = Development
		{729CCCFA-64F5-4312-8A2E-92139F5B4B3E}.Development|Default.Build.0 = Development
		{729CCCFA-64F5-4312-8A2E-92139F5B4B3E}.Development|Default.Deploy.0 = Development
	EndGlobalSection
	GlobalSection(SolutionProperties) = preSolution
		HideSolutionNode = FALSE
	EndGlobalSection
	GlobalSection(ExtensibilityGlobals) = postSolution
		SolutionGuid = {BEEFF7A3-D80F-4A5F-A28A-33DFFA191958}
	EndGlobalSection
EndGlobal
